
Microsoft Visual Studio Solution File, Format Version 12.00
# Visual Studio Version 16
VisualStudioVersion = 25.0.1704.5
MinimumVisualStudioVersion = 10.0.40219.1
Project("{FAE04EC0-301F-11D3-BF4B-00C04F79EFBC}") = "asp1", "asp1\asp1.csproj", "{4DA5CD76-29F0-4D4B-90A6-6339953AB8AF}"
EndProject
Global
	GlobalSection(SolutionConfigurationPlatforms) = preSolution
		Debug|Any CPU = Debug|Any CPU
		Release|Any CPU = Release|Any CPU
	EndGlobalSection
	GlobalSection(ProjectConfigurationPlatforms) = postSolution
		{4DA5CD76-29F0-4D4B-90A6-6339953AB8AF}.Debug|Any CPU.ActiveCfg = Debug|Any CPU
		{4DA5CD76-29F0-4D4B-90A6-6339953AB8AF}.Debug|Any CPU.Build.0 = Debug|Any CPU
		{4DA5CD76-29F0-4D4B-90A6-6339953AB8AF}.Release|Any CPU.ActiveCfg = Release|Any CPU
		{4DA5CD76-29F0-4D4B-90A6-6339953AB8AF}.Release|Any CPU.Build.0 = Release|Any CPU
	EndGlobalSection
	GlobalSection(SolutionProperties) = preSolution
		HideSolutionNode = FALSE
	EndGlobalSection
	GlobalSection(ExtensibilityGlobals) = postSolution
		SolutionGuid = {050BB0BF-3056-493A-AB0F-AAE98E604714}
	EndGlobalSection
EndGlobal
